
Microsoft Visual Studio Solution File, Format Version 12.00
# Visual Studio Version 16
VisualStudioVersion = 16.0.30523.141
MinimumVisualStudioVersion = 10.0.40219.1
Project("{FAE04EC0-301F-11D3-BF4B-00C04F79EFBC}") = "RandomWalk", "RandomWalk\RandomWalk.csproj", "{F01D6487-D37F-42D0-9312-CA29B91FB0D7}"
EndProject
Global
	GlobalSection(SolutionConfigurationPlatforms) = preSolution
		Debug|Any CPU = Debug|Any CPU
		Release|Any CPU = Release|Any CPU
	EndGlobalSection
	GlobalSection(ProjectConfigurationPlatforms) = postSolution
		{F01D6487-D37F-42D0-9312-CA29B91FB0D7}.Debug|Any CPU.ActiveCfg = Debug|Any CPU
		{F01D6487-D37F-42D0-9312-CA29B91FB0D7}.Debug|Any CPU.Build.0 = Debug|Any CPU
		{F01D6487-D37F-42D0-9312-CA29B91FB0D7}.Release|Any CPU.ActiveCfg = Release|Any CPU
		{F01D6487-D37F-42D0-9312-CA29B91FB0D7}.Release|Any CPU.Build.0 = Release|Any CPU
	EndGlobalSection
	GlobalSection(SolutionProperties) = preSolution
		HideSolutionNode = FALSE
	EndGlobalSection
	GlobalSection(ExtensibilityGlobals) = postSolution
		SolutionGuid = {D9E1AA95-6699-467B-B84B-F9B288AC9811}
	EndGlobalSection
EndGlobal
