
Microsoft Visual Studio Solution File, Format Version 12.00
# Visual Studio Version 16
VisualStudioVersion = 16.0.30523.141
MinimumVisualStudioVersion = 10.0.40219.1
Project("{F184B08F-C81C-45F6-A57F-5ABD9991F28F}") = "WindowsAppTestVB", "WindowsAppTestVB\WindowsAppTestVB.vbproj", "{A10F0DDF-EBD5-4B82-A8E2-583136EDE889}"
EndProject
Global
	GlobalSection(SolutionConfigurationPlatforms) = preSolution
		Debug|Any CPU = Debug|Any CPU
		Release|Any CPU = Release|Any CPU
	EndGlobalSection
	GlobalSection(ProjectConfigurationPlatforms) = postSolution
		{A10F0DDF-EBD5-4B82-A8E2-583136EDE889}.Debug|Any CPU.ActiveCfg = Debug|Any CPU
		{A10F0DDF-EBD5-4B82-A8E2-583136EDE889}.Debug|Any CPU.Build.0 = Debug|Any CPU
		{A10F0DDF-EBD5-4B82-A8E2-583136EDE889}.Release|Any CPU.ActiveCfg = Release|Any CPU
		{A10F0DDF-EBD5-4B82-A8E2-583136EDE889}.Release|Any CPU.Build.0 = Release|Any CPU
	EndGlobalSection
	GlobalSection(SolutionProperties) = preSolution
		HideSolutionNode = FALSE
	EndGlobalSection
	GlobalSection(ExtensibilityGlobals) = postSolution
		SolutionGuid = {3B6CF509-F2AB-44B3-9828-74501F7D42E1}
	EndGlobalSection
EndGlobal
