
Microsoft Visual Studio Solution File, Format Version 12.00
# Visual Studio Version 16
VisualStudioVersion = 16.0.30621.155
MinimumVisualStudioVersion = 10.0.40219.1
Project("{FAE04EC0-301F-11D3-BF4B-00C04F79EFBC}") = "Paths", "Paths\Paths.csproj", "{02947D7B-F63F-421B-AA03-08D132ED42FE}"
EndProject
Global
	GlobalSection(SolutionConfigurationPlatforms) = preSolution
		Debug|Any CPU = Debug|Any CPU
		Release|Any CPU = Release|Any CPU
	EndGlobalSection
	GlobalSection(ProjectConfigurationPlatforms) = postSolution
		{02947D7B-F63F-421B-AA03-08D132ED42FE}.Debug|Any CPU.ActiveCfg = Debug|Any CPU
		{02947D7B-F63F-421B-AA03-08D132ED42FE}.Debug|Any CPU.Build.0 = Debug|Any CPU
		{02947D7B-F63F-421B-AA03-08D132ED42FE}.Release|Any CPU.ActiveCfg = Release|Any CPU
		{02947D7B-F63F-421B-AA03-08D132ED42FE}.Release|Any CPU.Build.0 = Release|Any CPU
	EndGlobalSection
	GlobalSection(SolutionProperties) = preSolution
		HideSolutionNode = FALSE
	EndGlobalSection
	GlobalSection(ExtensibilityGlobals) = postSolution
		SolutionGuid = {7FD7C991-FF6B-4497-A551-FFA4F26AFA0F}
	EndGlobalSection
EndGlobal
