
Microsoft Visual Studio Solution File, Format Version 12.00
# Visual Studio Version 16
VisualStudioVersion = 16.0.30523.141
MinimumVisualStudioVersion = 10.0.40219.1
Project("{FAE04EC0-301F-11D3-BF4B-00C04F79EFBC}") = "Cantelli", "Cantelli\Cantelli.csproj", "{0D347D90-FA23-4EE1-911F-479EADD15DDD}"
EndProject
Global
	GlobalSection(SolutionConfigurationPlatforms) = preSolution
		Debug|Any CPU = Debug|Any CPU
		Release|Any CPU = Release|Any CPU
	EndGlobalSection
	GlobalSection(ProjectConfigurationPlatforms) = postSolution
		{0D347D90-FA23-4EE1-911F-479EADD15DDD}.Debug|Any CPU.ActiveCfg = Debug|Any CPU
		{0D347D90-FA23-4EE1-911F-479EADD15DDD}.Debug|Any CPU.Build.0 = Debug|Any CPU
		{0D347D90-FA23-4EE1-911F-479EADD15DDD}.Release|Any CPU.ActiveCfg = Release|Any CPU
		{0D347D90-FA23-4EE1-911F-479EADD15DDD}.Release|Any CPU.Build.0 = Release|Any CPU
	EndGlobalSection
	GlobalSection(SolutionProperties) = preSolution
		HideSolutionNode = FALSE
	EndGlobalSection
	GlobalSection(ExtensibilityGlobals) = postSolution
		SolutionGuid = {AD29D714-F6A4-444C-91F7-71D630E070D3}
	EndGlobalSection
EndGlobal
